// !$*UTF8*$!
{
	archiveVersion = 1;
	classes = {
	};
	objectVersion = 56;
	objects = {

/* Begin PBXBuildFile section */
		AAB038E22C4F0F74006128DE /* AppDelegate.swift in Sources */ = {isa = PBXBuildFile; fileRef = AAB038E12C4F0F74006128DE /* AppDelegate.swift */; };
		AAB038E42C4F0F74006128DE /* SceneDelegate.swift in Sources */ = {isa = PBXBuildFile; fileRef = AAB038E32C4F0F74006128DE /* SceneDelegate.swift */; };
		AAB038E62C4F0F74006128DE /* ViewController.swift in Sources */ = {isa = PBXBuildFile; fileRef = AAB038E52C4F0F74006128DE /* ViewController.swift */; };
		AAB038E92C4F0F74006128DE /* Main.storyboard in Resources */ = {isa = PBXBuildFile; fileRef = AAB038E72C4F0F74006128DE /* Main.storyboard */; };
		AAB038EB2C4F0F7B006128DE /* Assets.xcassets in Resources */ = {isa = PBXBuildFile; fileRef = AAB038EA2C4F0F7B006128DE /* Assets.xcassets */; };
		AAB038EE2C4F0F7B006128DE /* LaunchScreen.storyboard in Resources */ = {isa = PBXBuildFile; fileRef = AAB038EC2C4F0F7B006128DE /* LaunchScreen.storyboard */; };
		AAB038F72C4F0FF1006128DE /* TapBarController.swift in Sources */ = {isa = PBXBuildFile; fileRef = AAB038F62C4F0FF1006128DE /* TapBarController.swift */; };
		AAB038FC2C4F1052006128DE /* CocktailsWebService.swift in Sources */ = {isa = PBXBuildFile; fileRef = AAB038FB2C4F1052006128DE /* CocktailsWebService.swift */; };
		AAB038FE2C4F1065006128DE /* ErrorWebService.swift in Sources */ = {isa = PBXBuildFile; fileRef = AAB038FD2C4F1065006128DE /* ErrorWebService.swift */; };
		AAB039002C4F1076006128DE /* CocktailsPath.swift in Sources */ = {isa = PBXBuildFile; fileRef = AAB038FF2C4F1076006128DE /* CocktailsPath.swift */; };
		AAB039032C4F10A1006128DE /* CocktailsUrlConfiguratiion.swift in Sources */ = {isa = PBXBuildFile; fileRef = AAB039022C4F10A1006128DE /* CocktailsUrlConfiguratiion.swift */; };
		AAB039052C4F10C5006128DE /* Image+Extension.swift in Sources */ = {isa = PBXBuildFile; fileRef = AAB039042C4F10C5006128DE /* Image+Extension.swift */; };
		AAB039092C4F1117006128DE /* String+Extension.swift in Sources */ = {isa = PBXBuildFile; fileRef = AAB039082C4F1117006128DE /* String+Extension.swift */; };
		AAB0390C2C4F117B006128DE /* UiView+Extension.swift in Sources */ = {isa = PBXBuildFile; fileRef = AAB0390B2C4F117B006128DE /* UiView+Extension.swift */; };
		AAB0390F2C4F11CE006128DE /* UiCollectionViewCell+Extension.swift in Sources */ = {isa = PBXBuildFile; fileRef = AAB0390E2C4F11CE006128DE /* UiCollectionViewCell+Extension.swift */; };
		AAB039182C4F1288006128DE /* CocktailsListPresenter.swift in Sources */ = {isa = PBXBuildFile; fileRef = AAB039132C4F1288006128DE /* CocktailsListPresenter.swift */; };
		AAB039192C4F1288006128DE /* CocktailsListRouter.swift in Sources */ = {isa = PBXBuildFile; fileRef = AAB039142C4F1288006128DE /* CocktailsListRouter.swift */; };
		AAB0391A2C4F1288006128DE /* CocktailsListViewController.swift in Sources */ = {isa = PBXBuildFile; fileRef = AAB039152C4F1288006128DE /* CocktailsListViewController.swift */; };
		AAB0391B2C4F1288006128DE /* CocktailsListProtocols.swift in Sources */ = {isa = PBXBuildFile; fileRef = AAB039162C4F1288006128DE /* CocktailsListProtocols.swift */; };
		AAB0391C2C4F1288006128DE /* CocktailsListInteractor.swift in Sources */ = {isa = PBXBuildFile; fileRef = AAB039172C4F1288006128DE /* CocktailsListInteractor.swift */; };
		AAB039252C4F12ED006128DE /* CocktailsListEntity.swift in Sources */ = {isa = PBXBuildFile; fileRef = AAB039242C4F12ED006128DE /* CocktailsListEntity.swift */; };
		AAB039272C4F17D1006128DE /* CocktailsListViewController.xib in Resources */ = {isa = PBXBuildFile; fileRef = AAB039262C4F17D1006128DE /* CocktailsListViewController.xib */; };
		AAB0392A2C4F4D89006128DE /* CocktailsListCollectionViewCell.swift in Sources */ = {isa = PBXBuildFile; fileRef = AAB039282C4F4D89006128DE /* CocktailsListCollectionViewCell.swift */; };
		AAB0392B2C4F4D89006128DE /* CocktailsListCollectionViewCell.xib in Resources */ = {isa = PBXBuildFile; fileRef = AAB039292C4F4D89006128DE /* CocktailsListCollectionViewCell.xib */; };
		AAB0392D2C4F534C006128DE /* CocktailsListViewControllerExtension.swift in Sources */ = {isa = PBXBuildFile; fileRef = AAB0392C2C4F534C006128DE /* CocktailsListViewControllerExtension.swift */; };
/* End PBXBuildFile section */

/* Begin PBXFileReference section */
		AAB038DE2C4F0F74006128DE /* Mixing.app */ = {isa = PBXFileReference; explicitFileType = wrapper.application; includeInIndex = 0; path = Mixing.app; sourceTree = BUILT_PRODUCTS_DIR; };
		AAB038E12C4F0F74006128DE /* AppDelegate.swift */ = {isa = PBXFileReference; lastKnownFileType = sourcecode.swift; path = AppDelegate.swift; sourceTree = "<group>"; };
		AAB038E32C4F0F74006128DE /* SceneDelegate.swift */ = {isa = PBXFileReference; lastKnownFileType = sourcecode.swift; path = SceneDelegate.swift; sourceTree = "<group>"; };
		AAB038E52C4F0F74006128DE /* ViewController.swift */ = {isa = PBXFileReference; lastKnownFileType = sourcecode.swift; path = ViewController.swift; sourceTree = "<group>"; };
		AAB038E82C4F0F74006128DE /* Base */ = {isa = PBXFileReference; lastKnownFileType = file.storyboard; name = Base; path = Base.lproj/Main.storyboard; sourceTree = "<group>"; };
		AAB038EA2C4F0F7B006128DE /* Assets.xcassets */ = {isa = PBXFileReference; lastKnownFileType = folder.assetcatalog; path = Assets.xcassets; sourceTree = "<group>"; };
		AAB038ED2C4F0F7B006128DE /* Base */ = {isa = PBXFileReference; lastKnownFileType = file.storyboard; name = Base; path = Base.lproj/LaunchScreen.storyboard; sourceTree = "<group>"; };
		AAB038EF2C4F0F7B006128DE /* Info.plist */ = {isa = PBXFileReference; lastKnownFileType = text.plist.xml; path = Info.plist; sourceTree = "<group>"; };
		AAB038F62C4F0FF1006128DE /* TapBarController.swift */ = {isa = PBXFileReference; lastKnownFileType = sourcecode.swift; path = TapBarController.swift; sourceTree = "<group>"; };
		AAB038FB2C4F1052006128DE /* CocktailsWebService.swift */ = {isa = PBXFileReference; lastKnownFileType = sourcecode.swift; path = CocktailsWebService.swift; sourceTree = "<group>"; };
		AAB038FD2C4F1065006128DE /* ErrorWebService.swift */ = {isa = PBXFileReference; lastKnownFileType = sourcecode.swift; path = ErrorWebService.swift; sourceTree = "<group>"; };
		AAB038FF2C4F1076006128DE /* CocktailsPath.swift */ = {isa = PBXFileReference; lastKnownFileType = sourcecode.swift; path = CocktailsPath.swift; sourceTree = "<group>"; };
		AAB039022C4F10A1006128DE /* CocktailsUrlConfiguratiion.swift */ = {isa = PBXFileReference; lastKnownFileType = sourcecode.swift; path = CocktailsUrlConfiguratiion.swift; sourceTree = "<group>"; };
		AAB039042C4F10C5006128DE /* Image+Extension.swift */ = {isa = PBXFileReference; lastKnownFileType = sourcecode.swift; path = "Image+Extension.swift"; sourceTree = "<group>"; };
		AAB039082C4F1117006128DE /* String+Extension.swift */ = {isa = PBXFileReference; lastKnownFileType = sourcecode.swift; path = "String+Extension.swift"; sourceTree = "<group>"; };
		AAB0390B2C4F117B006128DE /* UiView+Extension.swift */ = {isa = PBXFileReference; lastKnownFileType = sourcecode.swift; path = "UiView+Extension.swift"; sourceTree = "<group>"; };
		AAB0390E2C4F11CE006128DE /* UiCollectionViewCell+Extension.swift */ = {isa = PBXFileReference; lastKnownFileType = sourcecode.swift; path = "UiCollectionViewCell+Extension.swift"; sourceTree = "<group>"; };
		AAB039132C4F1288006128DE /* CocktailsListPresenter.swift */ = {isa = PBXFileReference; lastKnownFileType = sourcecode.swift; path = CocktailsListPresenter.swift; sourceTree = "<group>"; };
		AAB039142C4F1288006128DE /* CocktailsListRouter.swift */ = {isa = PBXFileReference; lastKnownFileType = sourcecode.swift; path = CocktailsListRouter.swift; sourceTree = "<group>"; };
		AAB039152C4F1288006128DE /* CocktailsListViewController.swift */ = {isa = PBXFileReference; lastKnownFileType = sourcecode.swift; path = CocktailsListViewController.swift; sourceTree = "<group>"; };
		AAB039162C4F1288006128DE /* CocktailsListProtocols.swift */ = {isa = PBXFileReference; lastKnownFileType = sourcecode.swift; path = CocktailsListProtocols.swift; sourceTree = "<group>"; };
		AAB039172C4F1288006128DE /* CocktailsListInteractor.swift */ = {isa = PBXFileReference; lastKnownFileType = sourcecode.swift; path = CocktailsListInteractor.swift; sourceTree = "<group>"; };
		AAB039242C4F12ED006128DE /* CocktailsListEntity.swift */ = {isa = PBXFileReference; lastKnownFileType = sourcecode.swift; path = CocktailsListEntity.swift; sourceTree = "<group>"; };
		AAB039262C4F17D1006128DE /* CocktailsListViewController.xib */ = {isa = PBXFileReference; lastKnownFileType = file.xib; path = CocktailsListViewController.xib; sourceTree = "<group>"; };
		AAB039282C4F4D89006128DE /* CocktailsListCollectionViewCell.swift */ = {isa = PBXFileReference; lastKnownFileType = sourcecode.swift; path = CocktailsListCollectionViewCell.swift; sourceTree = "<group>"; };
		AAB039292C4F4D89006128DE /* CocktailsListCollectionViewCell.xib */ = {isa = PBXFileReference; lastKnownFileType = file.xib; path = CocktailsListCollectionViewCell.xib; sourceTree = "<group>"; };
		AAB0392C2C4F534C006128DE /* CocktailsListViewControllerExtension.swift */ = {isa = PBXFileReference; lastKnownFileType = sourcecode.swift; path = CocktailsListViewControllerExtension.swift; sourceTree = "<group>"; };
/* End PBXFileReference section */

/* Begin PBXFrameworksBuildPhase section */
		AAB038DB2C4F0F74006128DE /* Frameworks */ = {
			isa = PBXFrameworksBuildPhase;
			buildActionMask = 2147483647;
			files = (
			);
			runOnlyForDeploymentPostprocessing = 0;
		};
/* End PBXFrameworksBuildPhase section */

/* Begin PBXGroup section */
		AAB038D52C4F0F74006128DE = {
			isa = PBXGroup;
			children = (
				AAB038E02C4F0F74006128DE /* Mixing */,
				AAB038DF2C4F0F74006128DE /* Products */,
			);
			sourceTree = "<group>";
		};
		AAB038DF2C4F0F74006128DE /* Products */ = {
			isa = PBXGroup;
			children = (
				AAB038DE2C4F0F74006128DE /* Mixing.app */,
			);
			name = Products;
			sourceTree = "<group>";
		};
		AAB038E02C4F0F74006128DE /* Mixing */ = {
			isa = PBXGroup;
			children = (
				AAB038F52C4F0FD9006128DE /* TapBarController */,
				AAB038F82C4F0FFA006128DE /* Extensions */,
				AAB038F92C4F1013006128DE /* Services */,
				AAB039102C4F11F0006128DE /* Views */,
				AAB039112C4F11FF006128DE /* Modules */,
				AAB038E12C4F0F74006128DE /* AppDelegate.swift */,
				AAB038E32C4F0F74006128DE /* SceneDelegate.swift */,
				AAB038E52C4F0F74006128DE /* ViewController.swift */,
				AAB038E72C4F0F74006128DE /* Main.storyboard */,
				AAB038EA2C4F0F7B006128DE /* Assets.xcassets */,
				AAB038EC2C4F0F7B006128DE /* LaunchScreen.storyboard */,
				AAB038EF2C4F0F7B006128DE /* Info.plist */,
			);
			path = Mixing;
			sourceTree = "<group>";
		};
		AAB038F52C4F0FD9006128DE /* TapBarController */ = {
			isa = PBXGroup;
			children = (
				AAB038F62C4F0FF1006128DE /* TapBarController.swift */,
			);
			path = TapBarController;
			sourceTree = "<group>";
		};
		AAB038F82C4F0FFA006128DE /* Extensions */ = {
			isa = PBXGroup;
			children = (
				AAB0390D2C4F11A8006128DE /* UiCollectionViewCell */,
				AAB0390A2C4F115E006128DE /* UiView */,
				AAB039072C4F1108006128DE /* String */,
				AAB039062C4F10E6006128DE /* Image */,
			);
			path = Extensions;
			sourceTree = "<group>";
		};
		AAB038F92C4F1013006128DE /* Services */ = {
			isa = PBXGroup;
			children = (
				AAB038FB2C4F1052006128DE /* CocktailsWebService.swift */,
				AAB038FD2C4F1065006128DE /* ErrorWebService.swift */,
				AAB038FF2C4F1076006128DE /* CocktailsPath.swift */,
				AAB039022C4F10A1006128DE /* CocktailsUrlConfiguratiion.swift */,
			);
			path = Services;
			sourceTree = "<group>";
		};
		AAB039062C4F10E6006128DE /* Image */ = {
			isa = PBXGroup;
			children = (
				AAB039042C4F10C5006128DE /* Image+Extension.swift */,
			);
			path = Image;
			sourceTree = "<group>";
		};
		AAB039072C4F1108006128DE /* String */ = {
			isa = PBXGroup;
			children = (
				AAB039082C4F1117006128DE /* String+Extension.swift */,
			);
			path = String;
			sourceTree = "<group>";
		};
		AAB0390A2C4F115E006128DE /* UiView */ = {
			isa = PBXGroup;
			children = (
				AAB0390B2C4F117B006128DE /* UiView+Extension.swift */,
			);
			path = UiView;
			sourceTree = "<group>";
		};
		AAB0390D2C4F11A8006128DE /* UiCollectionViewCell */ = {
			isa = PBXGroup;
			children = (
				AAB0390E2C4F11CE006128DE /* UiCollectionViewCell+Extension.swift */,
			);
			path = UiCollectionViewCell;
			sourceTree = "<group>";
		};
		AAB039102C4F11F0006128DE /* Views */ = {
			isa = PBXGroup;
			children = (
				AAB039282C4F4D89006128DE /* CocktailsListCollectionViewCell.swift */,
				AAB039292C4F4D89006128DE /* CocktailsListCollectionViewCell.xib */,
			);
			path = Views;
			sourceTree = "<group>";
		};
		AAB039112C4F11FF006128DE /* Modules */ = {
			isa = PBXGroup;
			children = (
				AAB039122C4F1268006128DE /* CocktailsList */,
			);
			path = Modules;
			sourceTree = "<group>";
		};
		AAB039122C4F1268006128DE /* CocktailsList */ = {
			isa = PBXGroup;
			children = (
				AAB039222C4F12B2006128DE /* Entity */,
				AAB039212C4F12AE006128DE /* Router */,
				AAB039202C4F12A6006128DE /* Protocols */,
				AAB0391F2C4F129B006128DE /* Presenter */,
				AAB0391E2C4F1292006128DE /* Interactor */,
				AAB0391D2C4F128E006128DE /* View */,
			);
			path = CocktailsList;
			sourceTree = "<group>";
		};
		AAB0391D2C4F128E006128DE /* View */ = {
			isa = PBXGroup;
			children = (
				AAB039152C4F1288006128DE /* CocktailsListViewController.swift */,
				AAB039262C4F17D1006128DE /* CocktailsListViewController.xib */,
				AAB0392C2C4F534C006128DE /* CocktailsListViewControllerExtension.swift */,
			);
			path = View;
			sourceTree = "<group>";
		};
		AAB0391E2C4F1292006128DE /* Interactor */ = {
			isa = PBXGroup;
			children = (
				AAB039172C4F1288006128DE /* CocktailsListInteractor.swift */,
			);
			path = Interactor;
			sourceTree = "<group>";
		};
		AAB0391F2C4F129B006128DE /* Presenter */ = {
			isa = PBXGroup;
			children = (
				AAB039132C4F1288006128DE /* CocktailsListPresenter.swift */,
			);
			path = Presenter;
			sourceTree = "<group>";
		};
		AAB039202C4F12A6006128DE /* Protocols */ = {
			isa = PBXGroup;
			children = (
				AAB039162C4F1288006128DE /* CocktailsListProtocols.swift */,
			);
			path = Protocols;
			sourceTree = "<group>";
		};
		AAB039212C4F12AE006128DE /* Router */ = {
			isa = PBXGroup;
			children = (
				AAB039142C4F1288006128DE /* CocktailsListRouter.swift */,
			);
			path = Router;
			sourceTree = "<group>";
		};
		AAB039222C4F12B2006128DE /* Entity */ = {
			isa = PBXGroup;
			children = (
				AAB039242C4F12ED006128DE /* CocktailsListEntity.swift */,
			);
			path = Entity;
			sourceTree = "<group>";
		};
/* End PBXGroup section */

/* Begin PBXNativeTarget section */
		AAB038DD2C4F0F74006128DE /* Mixing */ = {
			isa = PBXNativeTarget;
			buildConfigurationList = AAB038F22C4F0F7B006128DE /* Build configuration list for PBXNativeTarget "Mixing" */;
			buildPhases = (
				AAB038DA2C4F0F74006128DE /* Sources */,
				AAB038DB2C4F0F74006128DE /* Frameworks */,
				AAB038DC2C4F0F74006128DE /* Resources */,
			);
			buildRules = (
			);
			dependencies = (
			);
			name = Mixing;
			productName = Mixing;
			productReference = AAB038DE2C4F0F74006128DE /* Mixing.app */;
			productType = "com.apple.product-type.application";
		};
/* End PBXNativeTarget section */

/* Begin PBXProject section */
		AAB038D62C4F0F74006128DE /* Project object */ = {
			isa = PBXProject;
			attributes = {
				BuildIndependentTargetsInParallel = 1;
				LastSwiftUpdateCheck = 1420;
				LastUpgradeCheck = 1420;
				TargetAttributes = {
					AAB038DD2C4F0F74006128DE = {
						CreatedOnToolsVersion = 14.2;
					};
				};
			};
			buildConfigurationList = AAB038D92C4F0F74006128DE /* Build configuration list for PBXProject "Mixing" */;
			compatibilityVersion = "Xcode 14.0";
			developmentRegion = en;
			hasScannedForEncodings = 0;
			knownRegions = (
				en,
				Base,
			);
			mainGroup = AAB038D52C4F0F74006128DE;
			productRefGroup = AAB038DF2C4F0F74006128DE /* Products */;
			projectDirPath = "";
			projectRoot = "";
			targets = (
				AAB038DD2C4F0F74006128DE /* Mixing */,
			);
		};
/* End PBXProject section */

/* Begin PBXResourcesBuildPhase section */
		AAB038DC2C4F0F74006128DE /* Resources */ = {
			isa = PBXResourcesBuildPhase;
			buildActionMask = 2147483647;
			files = (
				AAB039272C4F17D1006128DE /* CocktailsListViewController.xib in Resources */,
				AAB038EE2C4F0F7B006128DE /* LaunchScreen.storyboard in Resources */,
				AAB038EB2C4F0F7B006128DE /* Assets.xcassets in Resources */,
				AAB038E92C4F0F74006128DE /* Main.storyboard in Resources */,
				AAB0392B2C4F4D89006128DE /* CocktailsListCollectionViewCell.xib in Resources */,
			);
			runOnlyForDeploymentPostprocessing = 0;
		};
/* End PBXResourcesBuildPhase section */

/* Begin PBXSourcesBuildPhase section */
		AAB038DA2C4F0F74006128DE /* Sources */ = {
			isa = PBXSourcesBuildPhase;
			buildActionMask = 2147483647;
			files = (
				AAB039032C4F10A1006128DE /* CocktailsUrlConfiguratiion.swift in Sources */,
				AAB039182C4F1288006128DE /* CocktailsListPresenter.swift in Sources */,
				AAB038E62C4F0F74006128DE /* ViewController.swift in Sources */,
				AAB039052C4F10C5006128DE /* Image+Extension.swift in Sources */,
				AAB038FC2C4F1052006128DE /* CocktailsWebService.swift in Sources */,
				AAB0392A2C4F4D89006128DE /* CocktailsListCollectionViewCell.swift in Sources */,
				AAB0391B2C4F1288006128DE /* CocktailsListProtocols.swift in Sources */,
				AAB0391A2C4F1288006128DE /* CocktailsListViewController.swift in Sources */,
				AAB0391C2C4F1288006128DE /* CocktailsListInteractor.swift in Sources */,
				AAB038E22C4F0F74006128DE /* AppDelegate.swift in Sources */,
				AAB039192C4F1288006128DE /* CocktailsListRouter.swift in Sources */,
				AAB038E42C4F0F74006128DE /* SceneDelegate.swift in Sources */,
				AAB039002C4F1076006128DE /* CocktailsPath.swift in Sources */,
				AAB038F72C4F0FF1006128DE /* TapBarController.swift in Sources */,
				AAB039092C4F1117006128DE /* String+Extension.swift in Sources */,
				AAB038FE2C4F1065006128DE /* ErrorWebService.swift in Sources */,
				AAB0390C2C4F117B006128DE /* UiView+Extension.swift in Sources */,
				AAB039252C4F12ED006128DE /* CocktailsListEntity.swift in Sources */,
				AAB0392D2C4F534C006128DE /* CocktailsListViewControllerExtension.swift in Sources */,
				AAB0390F2C4F11CE006128DE /* UiCollectionViewCell+Extension.swift in Sources */,
			);
			runOnlyForDeploymentPostprocessing = 0;
		};
/* End PBXSourcesBuildPhase section */

/* Begin PBXVariantGroup section */
		AAB038E72C4F0F74006128DE /* Main.storyboard */ = {
			isa = PBXVariantGroup;
			children = (
				AAB038E82C4F0F74006128DE /* Base */,
			);
			name = Main.storyboard;
			sourceTree = "<group>";
		};
		AAB038EC2C4F0F7B006128DE /* LaunchScreen.storyboard */ = {
			isa = PBXVariantGroup;
			children = (
				AAB038ED2C4F0F7B006128DE /* Base */,
			);
			name = LaunchScreen.storyboard;
			sourceTree = "<group>";
		};
/* End PBXVariantGroup section */

/* Begin XCBuildConfiguration section */
		AAB038F02C4F0F7B006128DE /* Debug */ = {
			isa = XCBuildConfiguration;
			buildSettings = {
				ALWAYS_SEARCH_USER_PATHS = NO;
				CLANG_ANALYZER_NONNULL = YES;
				CLANG_ANALYZER_NUMBER_OBJECT_CONVERSION = YES_AGGRESSIVE;
				CLANG_CXX_LANGUAGE_STANDARD = "gnu++20";
				CLANG_ENABLE_MODULES = YES;
				CLANG_ENABLE_OBJC_ARC = YES;
				CLANG_ENABLE_OBJC_WEAK = YES;
				CLANG_WARN_BLOCK_CAPTURE_AUTORELEASING = YES;
				CLANG_WARN_BOOL_CONVERSION = YES;
				CLANG_WARN_COMMA = YES;
				CLANG_WARN_CONSTANT_CONVERSION = YES;
				CLANG_WARN_DEPRECATED_OBJC_IMPLEMENTATIONS = YES;
				CLANG_WARN_DIRECT_OBJC_ISA_USAGE = YES_ERROR;
				CLANG_WARN_DOCUMENTATION_COMMENTS = YES;
				CLANG_WARN_EMPTY_BODY = YES;
				CLANG_WARN_ENUM_CONVERSION = YES;
				CLANG_WARN_INFINITE_RECURSION = YES;
				CLANG_WARN_INT_CONVERSION = YES;
				CLANG_WARN_NON_LITERAL_NULL_CONVERSION = YES;
				CLANG_WARN_OBJC_IMPLICIT_RETAIN_SELF = YES;
				CLANG_WARN_OBJC_LITERAL_CONVERSION = YES;
				CLANG_WARN_OBJC_ROOT_CLASS = YES_ERROR;
				CLANG_WARN_QUOTED_INCLUDE_IN_FRAMEWORK_HEADER = YES;
				CLANG_WARN_RANGE_LOOP_ANALYSIS = YES;
				CLANG_WARN_STRICT_PROTOTYPES = YES;
				CLANG_WARN_SUSPICIOUS_MOVE = YES;
				CLANG_WARN_UNGUARDED_AVAILABILITY = YES_AGGRESSIVE;
				CLANG_WARN_UNREACHABLE_CODE = YES;
				CLANG_WARN__DUPLICATE_METHOD_MATCH = YES;
				COPY_PHASE_STRIP = NO;
				DEBUG_INFORMATION_FORMAT = dwarf;
				ENABLE_STRICT_OBJC_MSGSEND = YES;
				ENABLE_TESTABILITY = YES;
				GCC_C_LANGUAGE_STANDARD = gnu11;
				GCC_DYNAMIC_NO_PIC = NO;
				GCC_NO_COMMON_BLOCKS = YES;
				GCC_OPTIMIZATION_LEVEL = 0;
				GCC_PREPROCESSOR_DEFINITIONS = (
					"DEBUG=1",
					"$(inherited)",
				);
				GCC_WARN_64_TO_32_BIT_CONVERSION = YES;
				GCC_WARN_ABOUT_RETURN_TYPE = YES_ERROR;
				GCC_WARN_UNDECLARED_SELECTOR = YES;
				GCC_WARN_UNINITIALIZED_AUTOS = YES_AGGRESSIVE;
				GCC_WARN_UNUSED_FUNCTION = YES;
				GCC_WARN_UNUSED_VARIABLE = YES;
				IPHONEOS_DEPLOYMENT_TARGET = 14.0;
				MTL_ENABLE_DEBUG_INFO = INCLUDE_SOURCE;
				MTL_FAST_MATH = YES;
				ONLY_ACTIVE_ARCH = YES;
				SDKROOT = iphoneos;
				SWIFT_ACTIVE_COMPILATION_CONDITIONS = DEBUG;
				SWIFT_OPTIMIZATION_LEVEL = "-Onone";
			};
			name = Debug;
		};
		AAB038F12C4F0F7B006128DE /* Release */ = {
			isa = XCBuildConfiguration;
			buildSettings = {
				ALWAYS_SEARCH_USER_PATHS = NO;
				CLANG_ANALYZER_NONNULL = YES;
				CLANG_ANALYZER_NUMBER_OBJECT_CONVERSION = YES_AGGRESSIVE;
				CLANG_CXX_LANGUAGE_STANDARD = "gnu++20";
				CLANG_ENABLE_MODULES = YES;
				CLANG_ENABLE_OBJC_ARC = YES;
				CLANG_ENABLE_OBJC_WEAK = YES;
				CLANG_WARN_BLOCK_CAPTURE_AUTORELEASING = YES;
				CLANG_WARN_BOOL_CONVERSION = YES;
				CLANG_WARN_COMMA = YES;
				CLANG_WARN_CONSTANT_CONVERSION = YES;
				CLANG_WARN_DEPRECATED_OBJC_IMPLEMENTATIONS = YES;
				CLANG_WARN_DIRECT_OBJC_ISA_USAGE = YES_ERROR;
				CLANG_WARN_DOCUMENTATION_COMMENTS = YES;
				CLANG_WARN_EMPTY_BODY = YES;
				CLANG_WARN_ENUM_CONVERSION = YES;
				CLANG_WARN_INFINITE_RECURSION = YES;
				CLANG_WARN_INT_CONVERSION = YES;
				CLANG_WARN_NON_LITERAL_NULL_CONVERSION = YES;
				CLANG_WARN_OBJC_IMPLICIT_RETAIN_SELF = YES;
				CLANG_WARN_OBJC_LITERAL_CONVERSION = YES;
				CLANG_WARN_OBJC_ROOT_CLASS = YES_ERROR;
				CLANG_WARN_QUOTED_INCLUDE_IN_FRAMEWORK_HEADER = YES;
				CLANG_WARN_RANGE_LOOP_ANALYSIS = YES;
				CLANG_WARN_STRICT_PROTOTYPES = YES;
				CLANG_WARN_SUSPICIOUS_MOVE = YES;
				CLANG_WARN_UNGUARDED_AVAILABILITY = YES_AGGRESSIVE;
				CLANG_WARN_UNREACHABLE_CODE = YES;
				CLANG_WARN__DUPLICATE_METHOD_MATCH = YES;
				COPY_PHASE_STRIP = NO;
				DEBUG_INFORMATION_FORMAT = "dwarf-with-dsym";
				ENABLE_NS_ASSERTIONS = NO;
				ENABLE_STRICT_OBJC_MSGSEND = YES;
				GCC_C_LANGUAGE_STANDARD = gnu11;
				GCC_NO_COMMON_BLOCKS = YES;
				GCC_WARN_64_TO_32_BIT_CONVERSION = YES;
				GCC_WARN_ABOUT_RETURN_TYPE = YES_ERROR;
				GCC_WARN_UNDECLARED_SELECTOR = YES;
				GCC_WARN_UNINITIALIZED_AUTOS = YES_AGGRESSIVE;
				GCC_WARN_UNUSED_FUNCTION = YES;
				GCC_WARN_UNUSED_VARIABLE = YES;
				IPHONEOS_DEPLOYMENT_TARGET = 14.0;
				MTL_ENABLE_DEBUG_INFO = NO;
				MTL_FAST_MATH = YES;
				SDKROOT = iphoneos;
				SWIFT_COMPILATION_MODE = wholemodule;
				SWIFT_OPTIMIZATION_LEVEL = "-O";
				VALIDATE_PRODUCT = YES;
			};
			name = Release;
		};
		AAB038F32C4F0F7B006128DE /* Debug */ = {
			isa = XCBuildConfiguration;
			buildSettings = {
				ASSETCATALOG_COMPILER_APPICON_NAME = AppIcon;
				ASSETCATALOG_COMPILER_GLOBAL_ACCENT_COLOR_NAME = AccentColor;
				CODE_SIGN_STYLE = Automatic;
				CURRENT_PROJECT_VERSION = 1;
				GENERATE_INFOPLIST_FILE = YES;
				INFOPLIST_FILE = Mixing/Info.plist;
				INFOPLIST_KEY_UIApplicationSupportsIndirectInputEvents = YES;
				INFOPLIST_KEY_UILaunchStoryboardName = LaunchScreen;
				INFOPLIST_KEY_UIMainStoryboardFile = Main;
				INFOPLIST_KEY_UISupportedInterfaceOrientations_iPad = "UIInterfaceOrientationPortrait UIInterfaceOrientationPortraitUpsideDown UIInterfaceOrientationLandscapeLeft UIInterfaceOrientationLandscapeRight";
				INFOPLIST_KEY_UISupportedInterfaceOrientations_iPhone = "UIInterfaceOrientationPortrait UIInterfaceOrientationLandscapeLeft UIInterfaceOrientationLandscapeRight";
				IPHONEOS_DEPLOYMENT_TARGET = 14.0;
				LD_RUNPATH_SEARCH_PATHS = (
					"$(inherited)",
					"@executable_path/Frameworks",
				);
				MARKETING_VERSION = 1.0;
				PRODUCT_BUNDLE_IDENTIFIER = MA.Mixing;
				PRODUCT_NAME = "$(TARGET_NAME)";
				SUPPORTED_PLATFORMS = "iphoneos iphonesimulator";
				SUPPORTS_MACCATALYST = NO;
				SUPPORTS_MAC_DESIGNED_FOR_IPHONE_IPAD = NO;
				SWIFT_EMIT_LOC_STRINGS = YES;
				SWIFT_VERSION = 5.0;
				TARGETED_DEVICE_FAMILY = 1;
			};
			name = Debug;
		};
		AAB038F42C4F0F7B006128DE /* Release */ = {
			isa = XCBuildConfiguration;
			buildSettings = {
				ASSETCATALOG_COMPILER_APPICON_NAME = AppIcon;
				ASSETCATALOG_COMPILER_GLOBAL_ACCENT_COLOR_NAME = AccentColor;
				CODE_SIGN_STYLE = Automatic;
				CURRENT_PROJECT_VERSION = 1;
				GENERATE_INFOPLIST_FILE = YES;
				INFOPLIST_FILE = Mixing/Info.plist;
				INFOPLIST_KEY_UIApplicationSupportsIndirectInputEvents = YES;
				INFOPLIST_KEY_UILaunchStoryboardName = LaunchScreen;
				INFOPLIST_KEY_UIMainStoryboardFile = Main;
				INFOPLIST_KEY_UISupportedInterfaceOrientations_iPad = "UIInterfaceOrientationPortrait UIInterfaceOrientationPortraitUpsideDown UIInterfaceOrientationLandscapeLeft UIInterfaceOrientationLandscapeRight";
				INFOPLIST_KEY_UISupportedInterfaceOrientations_iPhone = "UIInterfaceOrientationPortrait UIInterfaceOrientationLandscapeLeft UIInterfaceOrientationLandscapeRight";
				IPHONEOS_DEPLOYMENT_TARGET = 14.0;
				LD_RUNPATH_SEARCH_PATHS = (
					"$(inherited)",
					"@executable_path/Frameworks",
				);
				MARKETING_VERSION = 1.0;
				PRODUCT_BUNDLE_IDENTIFIER = MA.Mixing;
				PRODUCT_NAME = "$(TARGET_NAME)";
				SUPPORTED_PLATFORMS = "iphoneos iphonesimulator";
				SUPPORTS_MACCATALYST = NO;
				SUPPORTS_MAC_DESIGNED_FOR_IPHONE_IPAD = NO;
				SWIFT_EMIT_LOC_STRINGS = YES;
				SWIFT_VERSION = 5.0;
				TARGETED_DEVICE_FAMILY = 1;
			};
			name = Release;
		};
/* End XCBuildConfiguration section */

/* Begin XCConfigurationList section */
		AAB038D92C4F0F74006128DE /* Build configuration list for PBXProject "Mixing" */ = {
			isa = XCConfigurationList;
			buildConfigurations = (
				AAB038F02C4F0F7B006128DE /* Debug */,
				AAB038F12C4F0F7B006128DE /* Release */,
			);
			defaultConfigurationIsVisible = 0;
			defaultConfigurationName = Release;
		};
		AAB038F22C4F0F7B006128DE /* Build configuration list for PBXNativeTarget "Mixing" */ = {
			isa = XCConfigurationList;
			buildConfigurations = (
				AAB038F32C4F0F7B006128DE /* Debug */,
				AAB038F42C4F0F7B006128DE /* Release */,
			);
			defaultConfigurationIsVisible = 0;
			defaultConfigurationName = Release;
		};
/* End XCConfigurationList section */
	};
	rootObject = AAB038D62C4F0F74006128DE /* Project object */;
}
